// !$*UTF8*$!
{
	archiveVersion = 1;
	classes = {
	};
	objectVersion = 56;
	objects = {

/* Begin PBXBuildFile section */
		4E71C7482A1906FE00A8B8B9 /* AppDelegate.swift in Sources */ = {isa = PBXBuildFile; fileRef = 4E71C7472A1906FE00A8B8B9 /* AppDelegate.swift */; };
		4E71C74A2A1906FE00A8B8B9 /* SceneDelegate.swift in Sources */ = {isa = PBXBuildFile; fileRef = 4E71C7492A1906FE00A8B8B9 /* SceneDelegate.swift */; };
		4E71C74C2A1906FE00A8B8B9 /* ViewController.swift in Sources */ = {isa = PBXBuildFile; fileRef = 4E71C74B2A1906FE00A8B8B9 /* ViewController.swift */; };
		4E71C7512A19070000A8B8B9 /* Assets.xcassets in Resources */ = {isa = PBXBuildFile; fileRef = 4E71C7502A19070000A8B8B9 /* Assets.xcassets */; };
		4E71C7542A19070000A8B8B9 /* LaunchScreen.storyboard in Resources */ = {isa = PBXBuildFile; fileRef = 4E71C7522A19070000A8B8B9 /* LaunchScreen.storyboard */; };
		4E8B8E782A1933CA00577298 /* BottomSheetView.swift in Sources */ = {isa = PBXBuildFile; fileRef = 4E8B8E772A1933CA00577298 /* BottomSheetView.swift */; };
		4E8B8E7C2A19348F00577298 /* LocationView.swift in Sources */ = {isa = PBXBuildFile; fileRef = 4E8B8E7B2A19348F00577298 /* LocationView.swift */; };
		4E8B8E912A1980B800577298 /* SpeedProgressView.swift in Sources */ = {isa = PBXBuildFile; fileRef = 4E8B8E902A1980B800577298 /* SpeedProgressView.swift */; };
		4E8B8E932A19817A00577298 /* Helpers.swift in Sources */ = {isa = PBXBuildFile; fileRef = 4E8B8E922A19817A00577298 /* Helpers.swift */; };
		4E8B8E952A19925600577298 /* TextSpeedView.swift in Sources */ = {isa = PBXBuildFile; fileRef = 4E8B8E942A19925600577298 /* TextSpeedView.swift */; };
		503CD821D857CD6F7FDE480C /* Pods_speedtest.framework in Frameworks */ = {isa = PBXBuildFile; fileRef = EB1C52E695EA0613A526FB70 /* Pods_speedtest.framework */; };
/* End PBXBuildFile section */

/* Begin PBXFileReference section */
		4CA68E07E79B159DB6F54CEA /* Pods-speedtest.release.xcconfig */ = {isa = PBXFileReference; includeInIndex = 1; lastKnownFileType = text.xcconfig; name = "Pods-speedtest.release.xcconfig"; path = "Target Support Files/Pods-speedtest/Pods-speedtest.release.xcconfig"; sourceTree = "<group>"; };
		4E71C7442A1906FE00A8B8B9 /* speedtest.app */ = {isa = PBXFileReference; explicitFileType = wrapper.application; includeInIndex = 0; path = speedtest.app; sourceTree = BUILT_PRODUCTS_DIR; };
		4E71C7472A1906FE00A8B8B9 /* AppDelegate.swift */ = {isa = PBXFileReference; lastKnownFileType = sourcecode.swift; path = AppDelegate.swift; sourceTree = "<group>"; };
		4E71C7492A1906FE00A8B8B9 /* SceneDelegate.swift */ = {isa = PBXFileReference; lastKnownFileType = sourcecode.swift; path = SceneDelegate.swift; sourceTree = "<group>"; };
		4E71C74B2A1906FE00A8B8B9 /* ViewController.swift */ = {isa = PBXFileReference; lastKnownFileType = sourcecode.swift; path = ViewController.swift; sourceTree = "<group>"; };
		4E71C7502A19070000A8B8B9 /* Assets.xcassets */ = {isa = PBXFileReference; lastKnownFileType = folder.assetcatalog; path = Assets.xcassets; sourceTree = "<group>"; };
		4E71C7532A19070000A8B8B9 /* Base */ = {isa = PBXFileReference; lastKnownFileType = file.storyboard; name = Base; path = Base.lproj/LaunchScreen.storyboard; sourceTree = "<group>"; };
		4E71C7552A19070000A8B8B9 /* Info.plist */ = {isa = PBXFileReference; lastKnownFileType = text.plist.xml; path = Info.plist; sourceTree = "<group>"; };
		4E8B8E772A1933CA00577298 /* BottomSheetView.swift */ = {isa = PBXFileReference; lastKnownFileType = sourcecode.swift; path = BottomSheetView.swift; sourceTree = "<group>"; };
		4E8B8E7B2A19348F00577298 /* LocationView.swift */ = {isa = PBXFileReference; lastKnownFileType = sourcecode.swift; path = LocationView.swift; sourceTree = "<group>"; };
		4E8B8E902A1980B800577298 /* SpeedProgressView.swift */ = {isa = PBXFileReference; lastKnownFileType = sourcecode.swift; path = SpeedProgressView.swift; sourceTree = "<group>"; };
		4E8B8E922A19817A00577298 /* Helpers.swift */ = {isa = PBXFileReference; lastKnownFileType = sourcecode.swift; path = Helpers.swift; sourceTree = "<group>"; };
		4E8B8E942A19925600577298 /* TextSpeedView.swift */ = {isa = PBXFileReference; lastKnownFileType = sourcecode.swift; path = TextSpeedView.swift; sourceTree = "<group>"; };
		CC8D8B613EF01E7446C66EE1 /* Pods-speedtest.debug.xcconfig */ = {isa = PBXFileReference; includeInIndex = 1; lastKnownFileType = text.xcconfig; name = "Pods-speedtest.debug.xcconfig"; path = "Target Support Files/Pods-speedtest/Pods-speedtest.debug.xcconfig"; sourceTree = "<group>"; };
		EB1C52E695EA0613A526FB70 /* Pods_speedtest.framework */ = {isa = PBXFileReference; explicitFileType = wrapper.framework; includeInIndex = 0; path = Pods_speedtest.framework; sourceTree = BUILT_PRODUCTS_DIR; };
/* End PBXFileReference section */

/* Begin PBXFrameworksBuildPhase section */
		4E71C7412A1906FE00A8B8B9 /* Frameworks */ = {
			isa = PBXFrameworksBuildPhase;
			buildActionMask = 2147483647;
			files = (
				503CD821D857CD6F7FDE480C /* Pods_speedtest.framework in Frameworks */,
			);
			runOnlyForDeploymentPostprocessing = 0;
		};
/* End PBXFrameworksBuildPhase section */

/* Begin PBXGroup section */
		4E71C73B2A1906FE00A8B8B9 = {
			isa = PBXGroup;
			children = (
				4E71C7462A1906FE00A8B8B9 /* speedtest */,
				4E71C7452A1906FE00A8B8B9 /* Products */,
				818F5FB9C831D09BD86451AB /* Pods */,
				B0A4804DD9D73A6261680632 /* Frameworks */,
			);
			sourceTree = "<group>";
		};
		4E71C7452A1906FE00A8B8B9 /* Products */ = {
			isa = PBXGroup;
			children = (
				4E71C7442A1906FE00A8B8B9 /* speedtest.app */,
			);
			name = Products;
			sourceTree = "<group>";
		};
		4E71C7462A1906FE00A8B8B9 /* speedtest */ = {
			isa = PBXGroup;
			children = (
				4E71C7552A19070000A8B8B9 /* Info.plist */,
				4E71C7472A1906FE00A8B8B9 /* AppDelegate.swift */,
				4E71C7492A1906FE00A8B8B9 /* SceneDelegate.swift */,
				4E71C7502A19070000A8B8B9 /* Assets.xcassets */,
				4E71C7522A19070000A8B8B9 /* LaunchScreen.storyboard */,
				4E8B8E7A2A19343500577298 /* Main */,
			);
			path = speedtest;
			sourceTree = "<group>";
		};
		4E8B8E7A2A19343500577298 /* Main */ = {
			isa = PBXGroup;
			children = (
				4E8B8E7D2A1934BA00577298 /* Views */,
				4E71C74B2A1906FE00A8B8B9 /* ViewController.swift */,
				4E8B8E922A19817A00577298 /* Helpers.swift */,
			);
			path = Main;
			sourceTree = "<group>";
		};
		4E8B8E7D2A1934BA00577298 /* Views */ = {
			isa = PBXGroup;
			children = (
				4E8B8E7B2A19348F00577298 /* LocationView.swift */,
				4E8B8E772A1933CA00577298 /* BottomSheetView.swift */,
				4E8B8E902A1980B800577298 /* SpeedProgressView.swift */,
				4E8B8E942A19925600577298 /* TextSpeedView.swift */,
			);
			path = Views;
			sourceTree = "<group>";
		};
		818F5FB9C831D09BD86451AB /* Pods */ = {
			isa = PBXGroup;
			children = (
				CC8D8B613EF01E7446C66EE1 /* Pods-speedtest.debug.xcconfig */,
				4CA68E07E79B159DB6F54CEA /* Pods-speedtest.release.xcconfig */,
			);
			path = Pods;
			sourceTree = "<group>";
		};
		B0A4804DD9D73A6261680632 /* Frameworks */ = {
			isa = PBXGroup;
			children = (
				EB1C52E695EA0613A526FB70 /* Pods_speedtest.framework */,
			);
			name = Frameworks;
			sourceTree = "<group>";
		};
/* End PBXGroup section */

/* Begin PBXNativeTarget section */
		4E71C7432A1906FE00A8B8B9 /* speedtest */ = {
			isa = PBXNativeTarget;
			buildConfigurationList = 4E71C7582A19070000A8B8B9 /* Build configuration list for PBXNativeTarget "speedtest" */;
			buildPhases = (
				1FECB204B3D70A0D68180A3E /* [CP] Check Pods Manifest.lock */,
				4E71C7402A1906FE00A8B8B9 /* Sources */,
				4E71C7412A1906FE00A8B8B9 /* Frameworks */,
				4E71C7422A1906FE00A8B8B9 /* Resources */,
				2577E40226031BE363788961 /* [CP] Embed Pods Frameworks */,
			);
			buildRules = (
			);
			dependencies = (
			);
			name = speedtest;
			productName = speedtest;
			productReference = 4E71C7442A1906FE00A8B8B9 /* speedtest.app */;
			productType = "com.apple.product-type.application";
		};
/* End PBXNativeTarget section */

/* Begin PBXProject section */
		4E71C73C2A1906FE00A8B8B9 /* Project object */ = {
			isa = PBXProject;
			attributes = {
				BuildIndependentTargetsInParallel = 1;
				LastSwiftUpdateCheck = 1420;
				LastUpgradeCheck = 1420;
				TargetAttributes = {
					4E71C7432A1906FE00A8B8B9 = {
						CreatedOnToolsVersion = 14.2;
					};
				};
			};
			buildConfigurationList = 4E71C73F2A1906FE00A8B8B9 /* Build configuration list for PBXProject "speedtest" */;
			compatibilityVersion = "Xcode 14.0";
			developmentRegion = en;
			hasScannedForEncodings = 0;
			knownRegions = (
				en,
				Base,
			);
			mainGroup = 4E71C73B2A1906FE00A8B8B9;
			productRefGroup = 4E71C7452A1906FE00A8B8B9 /* Products */;
			projectDirPath = "";
			projectRoot = "";
			targets = (
				4E71C7432A1906FE00A8B8B9 /* speedtest */,
			);
		};
/* End PBXProject section */

/* Begin PBXResourcesBuildPhase section */
		4E71C7422A1906FE00A8B8B9 /* Resources */ = {
			isa = PBXResourcesBuildPhase;
			buildActionMask = 2147483647;
			files = (
				4E71C7542A19070000A8B8B9 /* LaunchScreen.storyboard in Resources */,
				4E71C7512A19070000A8B8B9 /* Assets.xcassets in Resources */,
			);
			runOnlyForDeploymentPostprocessing = 0;
		};
/* End PBXResourcesBuildPhase section */

/* Begin PBXShellScriptBuildPhase section */
		1FECB204B3D70A0D68180A3E /* [CP] Check Pods Manifest.lock */ = {
			isa = PBXShellScriptBuildPhase;
			buildActionMask = 2147483647;
			files = (
			);
			inputFileListPaths = (
			);
			inputPaths = (
				"${PODS_PODFILE_DIR_PATH}/Podfile.lock",
				"${PODS_ROOT}/Manifest.lock",
			);
			name = "[CP] Check Pods Manifest.lock";
			outputFileListPaths = (
			);
			outputPaths = (
				"$(DERIVED_FILE_DIR)/Pods-speedtest-checkManifestLockResult.txt",
			);
			runOnlyForDeploymentPostprocessing = 0;
			shellPath = /bin/sh;
			shellScript = "diff \"${PODS_PODFILE_DIR_PATH}/Podfile.lock\" \"${PODS_ROOT}/Manifest.lock\" > /dev/null\nif [ $? != 0 ] ; then\n    # print error to STDERR\n    echo \"error: The sandbox is not in sync with the Podfile.lock. Run 'pod install' or update your CocoaPods installation.\" >&2\n    exit 1\nfi\n# This output is used by Xcode 'outputs' to avoid re-running this script phase.\necho \"SUCCESS\" > \"${SCRIPT_OUTPUT_FILE_0}\"\n";
			showEnvVarsInLog = 0;
		};
		2577E40226031BE363788961 /* [CP] Embed Pods Frameworks */ = {
			isa = PBXShellScriptBuildPhase;
			buildActionMask = 2147483647;
			files = (
			);
			inputFileListPaths = (
				"${PODS_ROOT}/Target Support Files/Pods-speedtest/Pods-speedtest-frameworks-${CONFIGURATION}-input-files.xcfilelist",
			);
			name = "[CP] Embed Pods Frameworks";
			outputFileListPaths = (
				"${PODS_ROOT}/Target Support Files/Pods-speedtest/Pods-speedtest-frameworks-${CONFIGURATION}-output-files.xcfilelist",
			);
			runOnlyForDeploymentPostprocessing = 0;
			shellPath = /bin/sh;
			shellScript = "\"${PODS_ROOT}/Target Support Files/Pods-speedtest/Pods-speedtest-frameworks.sh\"\n";
			showEnvVarsInLog = 0;
		};
/* End PBXShellScriptBuildPhase section */

/* Begin PBXSourcesBuildPhase section */
		4E71C7402A1906FE00A8B8B9 /* Sources */ = {
			isa = PBXSourcesBuildPhase;
			buildActionMask = 2147483647;
			files = (
				4E71C74C2A1906FE00A8B8B9 /* ViewController.swift in Sources */,
				4E8B8E932A19817A00577298 /* Helpers.swift in Sources */,
				4E8B8E912A1980B800577298 /* SpeedProgressView.swift in Sources */,
				4E8B8E782A1933CA00577298 /* BottomSheetView.swift in Sources */,
				4E8B8E7C2A19348F00577298 /* LocationView.swift in Sources */,
				4E71C7482A1906FE00A8B8B9 /* AppDelegate.swift in Sources */,
				4E71C74A2A1906FE00A8B8B9 /* SceneDelegate.swift in Sources */,
				4E8B8E952A19925600577298 /* TextSpeedView.swift in Sources */,
			);
			runOnlyForDeploymentPostprocessing = 0;
		};
/* End PBXSourcesBuildPhase section */

/* Begin PBXVariantGroup section */
		4E71C7522A19070000A8B8B9 /* LaunchScreen.storyboard */ = {
			isa = PBXVariantGroup;
			children = (
				4E71C7532A19070000A8B8B9 /* Base */,
			);
			name = LaunchScreen.storyboard;
			sourceTree = "<group>";
		};
/* End PBXVariantGroup section */

/* Begin XCBuildConfiguration section */
		4E71C7562A19070000A8B8B9 /* Debug */ = {
			isa = XCBuildConfiguration;
			buildSettings = {
				ALWAYS_SEARCH_USER_PATHS = NO;
				CLANG_ANALYZER_NONNULL = YES;
				CLANG_ANALYZER_NUMBER_OBJECT_CONVERSION = YES_AGGRESSIVE;
				CLANG_CXX_LANGUAGE_STANDARD = "gnu++20";
				CLANG_ENABLE_MODULES = YES;
				CLANG_ENABLE_OBJC_ARC = YES;
				CLANG_ENABLE_OBJC_WEAK = YES;
				CLANG_WARN_BLOCK_CAPTURE_AUTORELEASING = YES;
				CLANG_WARN_BOOL_CONVERSION = YES;
				CLANG_WARN_COMMA = YES;
				CLANG_WARN_CONSTANT_CONVERSION = YES;
				CLANG_WARN_DEPRECATED_OBJC_IMPLEMENTATIONS = YES;
				CLANG_WARN_DIRECT_OBJC_ISA_USAGE = YES_ERROR;
				CLANG_WARN_DOCUMENTATION_COMMENTS = YES;
				CLANG_WARN_EMPTY_BODY = YES;
				CLANG_WARN_ENUM_CONVERSION = YES;
				CLANG_WARN_INFINITE_RECURSION = YES;
				CLANG_WARN_INT_CONVERSION = YES;
				CLANG_WARN_NON_LITERAL_NULL_CONVERSION = YES;
				CLANG_WARN_OBJC_IMPLICIT_RETAIN_SELF = YES;
				CLANG_WARN_OBJC_LITERAL_CONVERSION = YES;
				CLANG_WARN_OBJC_ROOT_CLASS = YES_ERROR;
				CLANG_WARN_QUOTED_INCLUDE_IN_FRAMEWORK_HEADER = YES;
				CLANG_WARN_RANGE_LOOP_ANALYSIS = YES;
				CLANG_WARN_STRICT_PROTOTYPES = YES;
				CLANG_WARN_SUSPICIOUS_MOVE = YES;
				CLANG_WARN_UNGUARDED_AVAILABILITY = YES_AGGRESSIVE;
				CLANG_WARN_UNREACHABLE_CODE = YES;
				CLANG_WARN__DUPLICATE_METHOD_MATCH = YES;
				COPY_PHASE_STRIP = NO;
				DEBUG_INFORMATION_FORMAT = dwarf;
				ENABLE_STRICT_OBJC_MSGSEND = YES;
				ENABLE_TESTABILITY = YES;
				GCC_C_LANGUAGE_STANDARD = gnu11;
				GCC_DYNAMIC_NO_PIC = NO;
				GCC_NO_COMMON_BLOCKS = YES;
				GCC_OPTIMIZATION_LEVEL = 0;
				GCC_PREPROCESSOR_DEFINITIONS = (
					"DEBUG=1",
					"$(inherited)",
				);
				GCC_WARN_64_TO_32_BIT_CONVERSION = YES;
				GCC_WARN_ABOUT_RETURN_TYPE = YES_ERROR;
				GCC_WARN_UNDECLARED_SELECTOR = YES;
				GCC_WARN_UNINITIALIZED_AUTOS = YES_AGGRESSIVE;
				GCC_WARN_UNUSED_FUNCTION = YES;
				GCC_WARN_UNUSED_VARIABLE = YES;
				IPHONEOS_DEPLOYMENT_TARGET = 16.2;
				MTL_ENABLE_DEBUG_INFO = INCLUDE_SOURCE;
				MTL_FAST_MATH = YES;
				ONLY_ACTIVE_ARCH = YES;
				SDKROOT = iphoneos;
				SWIFT_ACTIVE_COMPILATION_CONDITIONS = DEBUG;
				SWIFT_OPTIMIZATION_LEVEL = "-Onone";
			};
			name = Debug;
		};
		4E71C7572A19070000A8B8B9 /* Release */ = {
			isa = XCBuildConfiguration;
			buildSettings = {
				ALWAYS_SEARCH_USER_PATHS = NO;
				CLANG_ANALYZER_NONNULL = YES;
				CLANG_ANALYZER_NUMBER_OBJECT_CONVERSION = YES_AGGRESSIVE;
				CLANG_CXX_LANGUAGE_STANDARD = "gnu++20";
				CLANG_ENABLE_MODULES = YES;
				CLANG_ENABLE_OBJC_ARC = YES;
				CLANG_ENABLE_OBJC_WEAK = YES;
				CLANG_WARN_BLOCK_CAPTURE_AUTORELEASING = YES;
				CLANG_WARN_BOOL_CONVERSION = YES;
				CLANG_WARN_COMMA = YES;
				CLANG_WARN_CONSTANT_CONVERSION = YES;
				CLANG_WARN_DEPRECATED_OBJC_IMPLEMENTATIONS = YES;
				CLANG_WARN_DIRECT_OBJC_ISA_USAGE = YES_ERROR;
				CLANG_WARN_DOCUMENTATION_COMMENTS = YES;
				CLANG_WARN_EMPTY_BODY = YES;
				CLANG_WARN_ENUM_CONVERSION = YES;
				CLANG_WARN_INFINITE_RECURSION = YES;
				CLANG_WARN_INT_CONVERSION = YES;
				CLANG_WARN_NON_LITERAL_NULL_CONVERSION = YES;
				CLANG_WARN_OBJC_IMPLICIT_RETAIN_SELF = YES;
				CLANG_WARN_OBJC_LITERAL_CONVERSION = YES;
				CLANG_WARN_OBJC_ROOT_CLASS = YES_ERROR;
				CLANG_WARN_QUOTED_INCLUDE_IN_FRAMEWORK_HEADER = YES;
				CLANG_WARN_RANGE_LOOP_ANALYSIS = YES;
				CLANG_WARN_STRICT_PROTOTYPES = YES;
				CLANG_WARN_SUSPICIOUS_MOVE = YES;
				CLANG_WARN_UNGUARDED_AVAILABILITY = YES_AGGRESSIVE;
				CLANG_WARN_UNREACHABLE_CODE = YES;
				CLANG_WARN__DUPLICATE_METHOD_MATCH = YES;
				COPY_PHASE_STRIP = NO;
				DEBUG_INFORMATION_FORMAT = "dwarf-with-dsym";
				ENABLE_NS_ASSERTIONS = NO;
				ENABLE_STRICT_OBJC_MSGSEND = YES;
				GCC_C_LANGUAGE_STANDARD = gnu11;
				GCC_NO_COMMON_BLOCKS = YES;
				GCC_WARN_64_TO_32_BIT_CONVERSION = YES;
				GCC_WARN_ABOUT_RETURN_TYPE = YES_ERROR;
				GCC_WARN_UNDECLARED_SELECTOR = YES;
				GCC_WARN_UNINITIALIZED_AUTOS = YES_AGGRESSIVE;
				GCC_WARN_UNUSED_FUNCTION = YES;
				GCC_WARN_UNUSED_VARIABLE = YES;
				IPHONEOS_DEPLOYMENT_TARGET = 16.2;
				MTL_ENABLE_DEBUG_INFO = NO;
				MTL_FAST_MATH = YES;
				SDKROOT = iphoneos;
				SWIFT_COMPILATION_MODE = wholemodule;
				SWIFT_OPTIMIZATION_LEVEL = "-O";
				VALIDATE_PRODUCT = YES;
			};
			name = Release;
		};
		4E71C7592A19070000A8B8B9 /* Debug */ = {
			isa = XCBuildConfiguration;
			baseConfigurationReference = CC8D8B613EF01E7446C66EE1 /* Pods-speedtest.debug.xcconfig */;
			buildSettings = {
				ASSETCATALOG_COMPILER_APPICON_NAME = AppIcon;
				ASSETCATALOG_COMPILER_GLOBAL_ACCENT_COLOR_NAME = AccentColor;
				CODE_SIGN_STYLE = Automatic;
				CURRENT_PROJECT_VERSION = 1;
				DEVELOPMENT_TEAM = LUZC493MSB;
				GENERATE_INFOPLIST_FILE = YES;
				INFOPLIST_FILE = speedtest/Info.plist;
				INFOPLIST_KEY_UIApplicationSupportsIndirectInputEvents = YES;
				INFOPLIST_KEY_UILaunchStoryboardName = LaunchScreen;
				INFOPLIST_KEY_UISupportedInterfaceOrientations_iPad = "UIInterfaceOrientationPortrait UIInterfaceOrientationPortraitUpsideDown UIInterfaceOrientationLandscapeLeft UIInterfaceOrientationLandscapeRight";
				INFOPLIST_KEY_UISupportedInterfaceOrientations_iPhone = "UIInterfaceOrientationPortrait UIInterfaceOrientationLandscapeLeft UIInterfaceOrientationLandscapeRight";
				LD_RUNPATH_SEARCH_PATHS = (
					"$(inherited)",
					"@executable_path/Frameworks",
				);
				MARKETING_VERSION = 1.0;
				PRODUCT_BUNDLE_IDENTIFIER = caramelheaven.speedtest;
				PRODUCT_NAME = "$(TARGET_NAME)";
				SWIFT_EMIT_LOC_STRINGS = YES;
				SWIFT_VERSION = 5.0;
				TARGETED_DEVICE_FAMILY = "1,2";
			};
			name = Debug;
		};
		4E71C75A2A19070000A8B8B9 /* Release */ = {
			isa = XCBuildConfiguration;
			baseConfigurationReference = 4CA68E07E79B159DB6F54CEA /* Pods-speedtest.release.xcconfig */;
			buildSettings = {
				ASSETCATALOG_COMPILER_APPICON_NAME = AppIcon;
				ASSETCATALOG_COMPILER_GLOBAL_ACCENT_COLOR_NAME = AccentColor;
				CODE_SIGN_STYLE = Automatic;
				CURRENT_PROJECT_VERSION = 1;
				DEVELOPMENT_TEAM = LUZC493MSB;
				GENERATE_INFOPLIST_FILE = YES;
				INFOPLIST_FILE = speedtest/Info.plist;
				INFOPLIST_KEY_UIApplicationSupportsIndirectInputEvents = YES;
				INFOPLIST_KEY_UILaunchStoryboardName = LaunchScreen;
				INFOPLIST_KEY_UISupportedInterfaceOrientations_iPad = "UIInterfaceOrientationPortrait UIInterfaceOrientationPortraitUpsideDown UIInterfaceOrientationLandscapeLeft UIInterfaceOrientationLandscapeRight";
				INFOPLIST_KEY_UISupportedInterfaceOrientations_iPhone = "UIInterfaceOrientationPortrait UIInterfaceOrientationLandscapeLeft UIInterfaceOrientationLandscapeRight";
				LD_RUNPATH_SEARCH_PATHS = (
					"$(inherited)",
					"@executable_path/Frameworks",
				);
				MARKETING_VERSION = 1.0;
				PRODUCT_BUNDLE_IDENTIFIER = caramelheaven.speedtest;
				PRODUCT_NAME = "$(TARGET_NAME)";
				SWIFT_EMIT_LOC_STRINGS = YES;
				SWIFT_VERSION = 5.0;
				TARGETED_DEVICE_FAMILY = "1,2";
			};
			name = Release;
		};
/* End XCBuildConfiguration section */

/* Begin XCConfigurationList section */
		4E71C73F2A1906FE00A8B8B9 /* Build configuration list for PBXProject "speedtest" */ = {
			isa = XCConfigurationList;
			buildConfigurations = (
				4E71C7562A19070000A8B8B9 /* Debug */,
				4E71C7572A19070000A8B8B9 /* Release */,
			);
			defaultConfigurationIsVisible = 0;
			defaultConfigurationName = Release;
		};
		4E71C7582A19070000A8B8B9 /* Build configuration list for PBXNativeTarget "speedtest" */ = {
			isa = XCConfigurationList;
			buildConfigurations = (
				4E71C7592A19070000A8B8B9 /* Debug */,
				4E71C75A2A19070000A8B8B9 /* Release */,
			);
			defaultConfigurationIsVisible = 0;
			defaultConfigurationName = Release;
		};
/* End XCConfigurationList section */
	};
	rootObject = 4E71C73C2A1906FE00A8B8B9 /* Project object */;
}
